
Microsoft Visual Studio Solution File, Format Version 12.00
# Visual Studio Version 17
VisualStudioVersion = 17.14.36203.30
MinimumVisualStudioVersion = 10.0.40219.1
Project("{9A19103F-16F7-4668-BE54-9A1E7A4F7556}") = "SkillSystem.Api", "src\SkillSystem.Api\SkillSystem.Api.csproj", "{EEEA8688-2B29-40FD-8FCF-DD9B5D9DF7EA}"
EndProject
Project("{9A19103F-16F7-4668-BE54-9A1E7A4F7556}") = "SkillSystem.Aplication", "src\SkillSystem.Aplication\SkillSystem.Aplication.csproj", "{FEACF7A0-73B2-46B8-A3CD-FDDD0637C96C}"
EndProject
Project("{9A19103F-16F7-4668-BE54-9A1E7A4F7556}") = "SkillSystem.Domain", "src\SkillSystem.Domain\SkillSystem.Domain.csproj", "{BE4FD7E4-2FBA-4166-8BBC-BD8DEE937290}"
EndProject
Project("{9A19103F-16F7-4668-BE54-9A1E7A4F7556}") = "SkillSystem.Infrastructura", "src\SkillSystem.Infrastructura\SkillSystem.Infrastructura.csproj", "{538AFDD1-A77E-4851-9E03-E77ECBA9781B}"
EndProject
Global
	GlobalSection(SolutionConfigurationPlatforms) = preSolution
		Debug|Any CPU = Debug|Any CPU
		Release|Any CPU = Release|Any CPU
	EndGlobalSection
	GlobalSection(ProjectConfigurationPlatforms) = postSolution
		{EEEA8688-2B29-40FD-8FCF-DD9B5D9DF7EA}.Debug|Any CPU.ActiveCfg = Debug|Any CPU
		{EEEA8688-2B29-40FD-8FCF-DD9B5D9DF7EA}.Debug|Any CPU.Build.0 = Debug|Any CPU
		{EEEA8688-2B29-40FD-8FCF-DD9B5D9DF7EA}.Release|Any CPU.ActiveCfg = Release|Any CPU
		{EEEA8688-2B29-40FD-8FCF-DD9B5D9DF7EA}.Release|Any CPU.Build.0 = Release|Any CPU
		{FEACF7A0-73B2-46B8-A3CD-FDDD0637C96C}.Debug|Any CPU.ActiveCfg = Debug|Any CPU
		{FEACF7A0-73B2-46B8-A3CD-FDDD0637C96C}.Debug|Any CPU.Build.0 = Debug|Any CPU
		{FEACF7A0-73B2-46B8-A3CD-FDDD0637C96C}.Release|Any CPU.ActiveCfg = Release|Any CPU
		{FEACF7A0-73B2-46B8-A3CD-FDDD0637C96C}.Release|Any CPU.Build.0 = Release|Any CPU
		{BE4FD7E4-2FBA-4166-8BBC-BD8DEE937290}.Debug|Any CPU.ActiveCfg = Debug|Any CPU
		{BE4FD7E4-2FBA-4166-8BBC-BD8DEE937290}.Debug|Any CPU.Build.0 = Debug|Any CPU
		{BE4FD7E4-2FBA-4166-8BBC-BD8DEE937290}.Release|Any CPU.ActiveCfg = Release|Any CPU
		{BE4FD7E4-2FBA-4166-8BBC-BD8DEE937290}.Release|Any CPU.Build.0 = Release|Any CPU
		{538AFDD1-A77E-4851-9E03-E77ECBA9781B}.Debug|Any CPU.ActiveCfg = Debug|Any CPU
		{538AFDD1-A77E-4851-9E03-E77ECBA9781B}.Debug|Any CPU.Build.0 = Debug|Any CPU
		{538AFDD1-A77E-4851-9E03-E77ECBA9781B}.Release|Any CPU.ActiveCfg = Release|Any CPU
		{538AFDD1-A77E-4851-9E03-E77ECBA9781B}.Release|Any CPU.Build.0 = Release|Any CPU
	EndGlobalSection
	GlobalSection(SolutionProperties) = preSolution
		HideSolutionNode = FALSE
	EndGlobalSection
	GlobalSection(ExtensibilityGlobals) = postSolution
		SolutionGuid = {B014A1A9-C7A8-4A0C-BC04-E5B0F60FA338}
	EndGlobalSection
EndGlobal
